// !$*UTF8*$!
{
	archiveVersion = 1;
	classes = {
	};
	objectVersion = 50;
	objects = {

/* Begin PBXBuildFile section */
		21F6ECCD22889E7900BD445B /* AppDelegate.swift in Sources */ = {isa = PBXBuildFile; fileRef = 21F6ECCC22889E7900BD445B /* AppDelegate.swift */; };
		21F6ECCF22889E7900BD445B /* ViewController.swift in Sources */ = {isa = PBXBuildFile; fileRef = 21F6ECCE22889E7900BD445B /* ViewController.swift */; };
		21F6ECD222889E7900BD445B /* Main.storyboard in Resources */ = {isa = PBXBuildFile; fileRef = 21F6ECD022889E7900BD445B /* Main.storyboard */; };
		21F6ECD422889E7C00BD445B /* Assets.xcassets in Resources */ = {isa = PBXBuildFile; fileRef = 21F6ECD322889E7C00BD445B /* Assets.xcassets */; };
		21F6ECD722889E7C00BD445B /* LaunchScreen.storyboard in Resources */ = {isa = PBXBuildFile; fileRef = 21F6ECD522889E7C00BD445B /* LaunchScreen.storyboard */; };
		21F6ECE222889E7C00BD445B /* TippyByTommyTests.swift in Sources */ = {isa = PBXBuildFile; fileRef = 21F6ECE122889E7C00BD445B /* TippyByTommyTests.swift */; };
		21F6ECED22889E7C00BD445B /* TippyByTommyUITests.swift in Sources */ = {isa = PBXBuildFile; fileRef = 21F6ECEC22889E7C00BD445B /* TippyByTommyUITests.swift */; };
/* End PBXBuildFile section */

/* Begin PBXContainerItemProxy section */
		21F6ECDE22889E7C00BD445B /* PBXContainerItemProxy */ = {
			isa = PBXContainerItemProxy;
			containerPortal = 21F6ECC122889E7900BD445B /* Project object */;
			proxyType = 1;
			remoteGlobalIDString = 21F6ECC822889E7900BD445B;
			remoteInfo = TippyByTommy;
		};
		21F6ECE922889E7C00BD445B /* PBXContainerItemProxy */ = {
			isa = PBXContainerItemProxy;
			containerPortal = 21F6ECC122889E7900BD445B /* Project object */;
			proxyType = 1;
			remoteGlobalIDString = 21F6ECC822889E7900BD445B;
			remoteInfo = TippyByTommy;
		};
/* End PBXContainerItemProxy section */

/* Begin PBXFileReference section */
		21F6ECC922889E7900BD445B /* TippyByTommy.app */ = {isa = PBXFileReference; explicitFileType = wrapper.application; includeInIndex = 0; path = TippyByTommy.app; sourceTree = BUILT_PRODUCTS_DIR; };
		21F6ECCC22889E7900BD445B /* AppDelegate.swift */ = {isa = PBXFileReference; lastKnownFileType = sourcecode.swift; path = AppDelegate.swift; sourceTree = "<group>"; };
		21F6ECCE22889E7900BD445B /* ViewController.swift */ = {isa = PBXFileReference; lastKnownFileType = sourcecode.swift; path = ViewController.swift; sourceTree = "<group>"; };
		21F6ECD122889E7900BD445B /* Base */ = {isa = PBXFileReference; lastKnownFileType = file.storyboard; name = Base; path = Base.lproj/Main.storyboard; sourceTree = "<group>"; };
		21F6ECD322889E7C00BD445B /* Assets.xcassets */ = {isa = PBXFileReference; lastKnownFileType = folder.assetcatalog; path = Assets.xcassets; sourceTree = "<group>"; };
		21F6ECD622889E7C00BD445B /* Base */ = {isa = PBXFileReference; lastKnownFileType = file.storyboard; name = Base; path = Base.lproj/LaunchScreen.storyboard; sourceTree = "<group>"; };
		21F6ECD822889E7C00BD445B /* Info.plist */ = {isa = PBXFileReference; lastKnownFileType = text.plist.xml; path = Info.plist; sourceTree = "<group>"; };
		21F6ECDD22889E7C00BD445B /* TippyByTommyTests.xctest */ = {isa = PBXFileReference; explicitFileType = wrapper.cfbundle; includeInIndex = 0; path = TippyByTommyTests.xctest; sourceTree = BUILT_PRODUCTS_DIR; };
		21F6ECE122889E7C00BD445B /* TippyByTommyTests.swift */ = {isa = PBXFileReference; lastKnownFileType = sourcecode.swift; path = TippyByTommyTests.swift; sourceTree = "<group>"; };
		21F6ECE322889E7C00BD445B /* Info.plist */ = {isa = PBXFileReference; lastKnownFileType = text.plist.xml; path = Info.plist; sourceTree = "<group>"; };
		21F6ECE822889E7C00BD445B /* TippyByTommyUITests.xctest */ = {isa = PBXFileReference; explicitFileType = wrapper.cfbundle; includeInIndex = 0; path = TippyByTommyUITests.xctest; sourceTree = BUILT_PRODUCTS_DIR; };
		21F6ECEC22889E7C00BD445B /* TippyByTommyUITests.swift */ = {isa = PBXFileReference; lastKnownFileType = sourcecode.swift; path = TippyByTommyUITests.swift; sourceTree = "<group>"; };
		21F6ECEE22889E7C00BD445B /* Info.plist */ = {isa = PBXFileReference; lastKnownFileType = text.plist.xml; path = Info.plist; sourceTree = "<group>"; };
/* End PBXFileReference section */

/* Begin PBXFrameworksBuildPhase section */
		21F6ECC622889E7900BD445B /* Frameworks */ = {
			isa = PBXFrameworksBuildPhase;
			buildActionMask = 2147483647;
			files = (
			);
			runOnlyForDeploymentPostprocessing = 0;
		};
		21F6ECDA22889E7C00BD445B /* Frameworks */ = {
			isa = PBXFrameworksBuildPhase;
			buildActionMask = 2147483647;
			files = (
			);
			runOnlyForDeploymentPostprocessing = 0;
		};
		21F6ECE522889E7C00BD445B /* Frameworks */ = {
			isa = PBXFrameworksBuildPhase;
			buildActionMask = 2147483647;
			files = (
			);
			runOnlyForDeploymentPostprocessing = 0;
		};
/* End PBXFrameworksBuildPhase section */

/* Begin PBXGroup section */
		21F6ECC022889E7900BD445B = {
			isa = PBXGroup;
			children = (
				21F6ECCB22889E7900BD445B /* TippyByTommy */,
				21F6ECE022889E7C00BD445B /* TippyByTommyTests */,
				21F6ECEB22889E7C00BD445B /* TippyByTommyUITests */,
				21F6ECCA22889E7900BD445B /* Products */,
			);
			sourceTree = "<group>";
		};
		21F6ECCA22889E7900BD445B /* Products */ = {
			isa = PBXGroup;
			children = (
				21F6ECC922889E7900BD445B /* TippyByTommy.app */,
				21F6ECDD22889E7C00BD445B /* TippyByTommyTests.xctest */,
				21F6ECE822889E7C00BD445B /* TippyByTommyUITests.xctest */,
			);
			name = Products;
			sourceTree = "<group>";
		};
		21F6ECCB22889E7900BD445B /* TippyByTommy */ = {
			isa = PBXGroup;
			children = (
				21F6ECCC22889E7900BD445B /* AppDelegate.swift */,
				21F6ECCE22889E7900BD445B /* ViewController.swift */,
				21F6ECD022889E7900BD445B /* Main.storyboard */,
				21F6ECD322889E7C00BD445B /* Assets.xcassets */,
				21F6ECD522889E7C00BD445B /* LaunchScreen.storyboard */,
				21F6ECD822889E7C00BD445B /* Info.plist */,
			);
			path = TippyByTommy;
			sourceTree = "<group>";
		};
		21F6ECE022889E7C00BD445B /* TippyByTommyTests */ = {
			isa = PBXGroup;
			children = (
				21F6ECE122889E7C00BD445B /* TippyByTommyTests.swift */,
				21F6ECE322889E7C00BD445B /* Info.plist */,
			);
			path = TippyByTommyTests;
			sourceTree = "<group>";
		};
		21F6ECEB22889E7C00BD445B /* TippyByTommyUITests */ = {
			isa = PBXGroup;
			children = (
				21F6ECEC22889E7C00BD445B /* TippyByTommyUITests.swift */,
				21F6ECEE22889E7C00BD445B /* Info.plist */,
			);
			path = TippyByTommyUITests;
			sourceTree = "<group>";
		};
/* End PBXGroup section */

/* Begin PBXNativeTarget section */
		21F6ECC822889E7900BD445B /* TippyByTommy */ = {
			isa = PBXNativeTarget;
			buildConfigurationList = 21F6ECF122889E7C00BD445B /* Build configuration list for PBXNativeTarget "TippyByTommy" */;
			buildPhases = (
				21F6ECC522889E7900BD445B /* Sources */,
				21F6ECC622889E7900BD445B /* Frameworks */,
				21F6ECC722889E7900BD445B /* Resources */,
			);
			buildRules = (
			);
			dependencies = (
			);
			name = TippyByTommy;
			productName = TippyByTommy;
			productReference = 21F6ECC922889E7900BD445B /* TippyByTommy.app */;
			productType = "com.apple.product-type.application";
		};
		21F6ECDC22889E7C00BD445B /* TippyByTommyTests */ = {
			isa = PBXNativeTarget;
			buildConfigurationList = 21F6ECF422889E7C00BD445B /* Build configuration list for PBXNativeTarget "TippyByTommyTests" */;
			buildPhases = (
				21F6ECD922889E7C00BD445B /* Sources */,
				21F6ECDA22889E7C00BD445B /* Frameworks */,
				21F6ECDB22889E7C00BD445B /* Resources */,
			);
			buildRules = (
			);
			dependencies = (
				21F6ECDF22889E7C00BD445B /* PBXTargetDependency */,
			);
			name = TippyByTommyTests;
			productName = TippyByTommyTests;
			productReference = 21F6ECDD22889E7C00BD445B /* TippyByTommyTests.xctest */;
			productType = "com.apple.product-type.bundle.unit-test";
		};
		21F6ECE722889E7C00BD445B /* TippyByTommyUITests */ = {
			isa = PBXNativeTarget;
			buildConfigurationList = 21F6ECF722889E7C00BD445B /* Build configuration list for PBXNativeTarget "TippyByTommyUITests" */;
			buildPhases = (
				21F6ECE422889E7C00BD445B /* Sources */,
				21F6ECE522889E7C00BD445B /* Frameworks */,
				21F6ECE622889E7C00BD445B /* Resources */,
			);
			buildRules = (
			);
			dependencies = (
				21F6ECEA22889E7C00BD445B /* PBXTargetDependency */,
			);
			name = TippyByTommyUITests;
			productName = TippyByTommyUITests;
			productReference = 21F6ECE822889E7C00BD445B /* TippyByTommyUITests.xctest */;
			productType = "com.apple.product-type.bundle.ui-testing";
		};
/* End PBXNativeTarget section */

/* Begin PBXProject section */
		21F6ECC122889E7900BD445B /* Project object */ = {
			isa = PBXProject;
			attributes = {
				LastSwiftUpdateCheck = 0930;
				LastUpgradeCheck = 0930;
				ORGANIZATIONNAME = "Tommy Lik";
				TargetAttributes = {
					21F6ECC822889E7900BD445B = {
						CreatedOnToolsVersion = 9.3;
					};
					21F6ECDC22889E7C00BD445B = {
						CreatedOnToolsVersion = 9.3;
						TestTargetID = 21F6ECC822889E7900BD445B;
					};
					21F6ECE722889E7C00BD445B = {
						CreatedOnToolsVersion = 9.3;
						TestTargetID = 21F6ECC822889E7900BD445B;
					};
				};
			};
			buildConfigurationList = 21F6ECC422889E7900BD445B /* Build configuration list for PBXProject "TippyByTommy" */;
			compatibilityVersion = "Xcode 9.3";
			developmentRegion = en;
			hasScannedForEncodings = 0;
			knownRegions = (
				en,
				Base,
			);
			mainGroup = 21F6ECC022889E7900BD445B;
			productRefGroup = 21F6ECCA22889E7900BD445B /* Products */;
			projectDirPath = "";
			projectRoot = "";
			targets = (
				21F6ECC822889E7900BD445B /* TippyByTommy */,
				21F6ECDC22889E7C00BD445B /* TippyByTommyTests */,
				21F6ECE722889E7C00BD445B /* TippyByTommyUITests */,
			);
		};
/* End PBXProject section */

/* Begin PBXResourcesBuildPhase section */
		21F6ECC722889E7900BD445B /* Resources */ = {
			isa = PBXResourcesBuildPhase;
			buildActionMask = 2147483647;
			files = (
				21F6ECD722889E7C00BD445B /* LaunchScreen.storyboard in Resources */,
				21F6ECD422889E7C00BD445B /* Assets.xcassets in Resources */,
				21F6ECD222889E7900BD445B /* Main.storyboard in Resources */,
			);
			runOnlyForDeploymentPostprocessing = 0;
		};
		21F6ECDB22889E7C00BD445B /* Resources */ = {
			isa = PBXResourcesBuildPhase;
			buildActionMask = 2147483647;
			files = (
			);
			runOnlyForDeploymentPostprocessing = 0;
		};
		21F6ECE622889E7C00BD445B /* Resources */ = {
			isa = PBXResourcesBuildPhase;
			buildActionMask = 2147483647;
			files = (
			);
			runOnlyForDeploymentPostprocessing = 0;
		};
/* End PBXResourcesBuildPhase section */

/* Begin PBXSourcesBuildPhase section */
		21F6ECC522889E7900BD445B /* Sources */ = {
			isa = PBXSourcesBuildPhase;
			buildActionMask = 2147483647;
			files = (
				21F6ECCF22889E7900BD445B /* ViewController.swift in Sources */,
				21F6ECCD22889E7900BD445B /* AppDelegate.swift in Sources */,
			);
			runOnlyForDeploymentPostprocessing = 0;
		};
		21F6ECD922889E7C00BD445B /* Sources */ = {
			isa = PBXSourcesBuildPhase;
			buildActionMask = 2147483647;
			files = (
				21F6ECE222889E7C00BD445B /* TippyByTommyTests.swift in Sources */,
			);
			runOnlyForDeploymentPostprocessing = 0;
		};
		21F6ECE422889E7C00BD445B /* Sources */ = {
			isa = PBXSourcesBuildPhase;
			buildActionMask = 2147483647;
			files = (
				21F6ECED22889E7C00BD445B /* TippyByTommyUITests.swift in Sources */,
			);
			runOnlyForDeploymentPostprocessing = 0;
		};
/* End PBXSourcesBuildPhase section */

/* Begin PBXTargetDependency section */
		21F6ECDF22889E7C00BD445B /* PBXTargetDependency */ = {
			isa = PBXTargetDependency;
			target = 21F6ECC822889E7900BD445B /* TippyByTommy */;
			targetProxy = 21F6ECDE22889E7C00BD445B /* PBXContainerItemProxy */;
		};
		21F6ECEA22889E7C00BD445B /* PBXTargetDependency */ = {
			isa = PBXTargetDependency;
			target = 21F6ECC822889E7900BD445B /* TippyByTommy */;
			targetProxy = 21F6ECE922889E7C00BD445B /* PBXContainerItemProxy */;
		};
/* End PBXTargetDependency section */

/* Begin PBXVariantGroup section */
		21F6ECD022889E7900BD445B /* Main.storyboard */ = {
			isa = PBXVariantGroup;
			children = (
				21F6ECD122889E7900BD445B /* Base */,
			);
			name = Main.storyboard;
			sourceTree = "<group>";
		};
		21F6ECD522889E7C00BD445B /* LaunchScreen.storyboard */ = {
			isa = PBXVariantGroup;
			children = (
				21F6ECD622889E7C00BD445B /* Base */,
			);
			name = LaunchScreen.storyboard;
			sourceTree = "<group>";
		};
/* End PBXVariantGroup section */

/* Begin XCBuildConfiguration section */
		21F6ECEF22889E7C00BD445B /* Debug */ = {
			isa = XCBuildConfiguration;
			buildSettings = {
				ALWAYS_SEARCH_USER_PATHS = NO;
				CLANG_ANALYZER_NONNULL = YES;
				CLANG_ANALYZER_NUMBER_OBJECT_CONVERSION = YES_AGGRESSIVE;
				CLANG_CXX_LANGUAGE_STANDARD = "gnu++14";
				CLANG_CXX_LIBRARY = "libc++";
				CLANG_ENABLE_MODULES = YES;
				CLANG_ENABLE_OBJC_ARC = YES;
				CLANG_ENABLE_OBJC_WEAK = YES;
				CLANG_WARN_BLOCK_CAPTURE_AUTORELEASING = YES;
				CLANG_WARN_BOOL_CONVERSION = YES;
				CLANG_WARN_COMMA = YES;
				CLANG_WARN_CONSTANT_CONVERSION = YES;
				CLANG_WARN_DEPRECATED_OBJC_IMPLEMENTATIONS = YES;
				CLANG_WARN_DIRECT_OBJC_ISA_USAGE = YES_ERROR;
				CLANG_WARN_DOCUMENTATION_COMMENTS = YES;
				CLANG_WARN_EMPTY_BODY = YES;
				CLANG_WARN_ENUM_CONVERSION = YES;
				CLANG_WARN_INFINITE_RECURSION = YES;
				CLANG_WARN_INT_CONVERSION = YES;
				CLANG_WARN_NON_LITERAL_NULL_CONVERSION = YES;
				CLANG_WARN_OBJC_IMPLICIT_RETAIN_SELF = YES;
				CLANG_WARN_OBJC_LITERAL_CONVERSION = YES;
				CLANG_WARN_OBJC_ROOT_CLASS = YES_ERROR;
				CLANG_WARN_RANGE_LOOP_ANALYSIS = YES;
				CLANG_WARN_STRICT_PROTOTYPES = YES;
				CLANG_WARN_SUSPICIOUS_MOVE = YES;
				CLANG_WARN_UNGUARDED_AVAILABILITY = YES_AGGRESSIVE;
				CLANG_WARN_UNREACHABLE_CODE = YES;
				CLANG_WARN__DUPLICATE_METHOD_MATCH = YES;
				CODE_SIGN_IDENTITY = "iPhone Developer";
				COPY_PHASE_STRIP = NO;
				DEBUG_INFORMATION_FORMAT = dwarf;
				ENABLE_STRICT_OBJC_MSGSEND = YES;
				ENABLE_TESTABILITY = YES;
				GCC_C_LANGUAGE_STANDARD = gnu11;
				GCC_DYNAMIC_NO_PIC = NO;
				GCC_NO_COMMON_BLOCKS = YES;
				GCC_OPTIMIZATION_LEVEL = 0;
				GCC_PREPROCESSOR_DEFINITIONS = (
					"DEBUG=1",
					"$(inherited)",
				);
				GCC_WARN_64_TO_32_BIT_CONVERSION = YES;
				GCC_WARN_ABOUT_RETURN_TYPE = YES_ERROR;
				GCC_WARN_UNDECLARED_SELECTOR = YES;
				GCC_WARN_UNINITIALIZED_AUTOS = YES_AGGRESSIVE;
				GCC_WARN_UNUSED_FUNCTION = YES;
				GCC_WARN_UNUSED_VARIABLE = YES;
				IPHONEOS_DEPLOYMENT_TARGET = 11.3;
				MTL_ENABLE_DEBUG_INFO = YES;
				ONLY_ACTIVE_ARCH = YES;
				SDKROOT = iphoneos;
				SWIFT_ACTIVE_COMPILATION_CONDITIONS = DEBUG;
				SWIFT_OPTIMIZATION_LEVEL = "-Onone";
			};
			name = Debug;
		};
		21F6ECF022889E7C00BD445B /* Release */ = {
			isa = XCBuildConfiguration;
			buildSettings = {
				ALWAYS_SEARCH_USER_PATHS = NO;
				CLANG_ANALYZER_NONNULL = YES;
				CLANG_ANALYZER_NUMBER_OBJECT_CONVERSION = YES_AGGRESSIVE;
				CLANG_CXX_LANGUAGE_STANDARD = "gnu++14";
				CLANG_CXX_LIBRARY = "libc++";
				CLANG_ENABLE_MODULES = YES;
				CLANG_ENABLE_OBJC_ARC = YES;
				CLANG_ENABLE_OBJC_WEAK = YES;
				CLANG_WARN_BLOCK_CAPTURE_AUTORELEASING = YES;
				CLANG_WARN_BOOL_CONVERSION = YES;
				CLANG_WARN_COMMA = YES;
				CLANG_WARN_CONSTANT_CONVERSION = YES;
				CLANG_WARN_DEPRECATED_OBJC_IMPLEMENTATIONS = YES;
				CLANG_WARN_DIRECT_OBJC_ISA_USAGE = YES_ERROR;
				CLANG_WARN_DOCUMENTATION_COMMENTS = YES;
				CLANG_WARN_EMPTY_BODY = YES;
				CLANG_WARN_ENUM_CONVERSION = YES;
				CLANG_WARN_INFINITE_RECURSION = YES;
				CLANG_WARN_INT_CONVERSION = YES;
				CLANG_WARN_NON_LITERAL_NULL_CONVERSION = YES;
				CLANG_WARN_OBJC_IMPLICIT_RETAIN_SELF = YES;
				CLANG_WARN_OBJC_LITERAL_CONVERSION = YES;
				CLANG_WARN_OBJC_ROOT_CLASS = YES_ERROR;
				CLANG_WARN_RANGE_LOOP_ANALYSIS = YES;
				CLANG_WARN_STRICT_PROTOTYPES = YES;
				CLANG_WARN_SUSPICIOUS_MOVE = YES;
				CLANG_WARN_UNGUARDED_AVAILABILITY = YES_AGGRESSIVE;
				CLANG_WARN_UNREACHABLE_CODE = YES;
				CLANG_WARN__DUPLICATE_METHOD_MATCH = YES;
				CODE_SIGN_IDENTITY = "iPhone Developer";
				COPY_PHASE_STRIP = NO;
				DEBUG_INFORMATION_FORMAT = "dwarf-with-dsym";
				ENABLE_NS_ASSERTIONS = NO;
				ENABLE_STRICT_OBJC_MSGSEND = YES;
				GCC_C_LANGUAGE_STANDARD = gnu11;
				GCC_NO_COMMON_BLOCKS = YES;
				GCC_WARN_64_TO_32_BIT_CONVERSION = YES;
				GCC_WARN_ABOUT_RETURN_TYPE = YES_ERROR;
				GCC_WARN_UNDECLARED_SELECTOR = YES;
				GCC_WARN_UNINITIALIZED_AUTOS = YES_AGGRESSIVE;
				GCC_WARN_UNUSED_FUNCTION = YES;
				GCC_WARN_UNUSED_VARIABLE = YES;
				IPHONEOS_DEPLOYMENT_TARGET = 11.3;
				MTL_ENABLE_DEBUG_INFO = NO;
				SDKROOT = iphoneos;
				SWIFT_COMPILATION_MODE = wholemodule;
				SWIFT_OPTIMIZATION_LEVEL = "-O";
				VALIDATE_PRODUCT = YES;
			};
			name = Release;
		};
		21F6ECF222889E7C00BD445B /* Debug */ = {
			isa = XCBuildConfiguration;
			buildSettings = {
				ASSETCATALOG_COMPILER_APPICON_NAME = AppIcon;
				CODE_SIGN_STYLE = Automatic;
				INFOPLIST_FILE = TippyByTommy/Info.plist;
				LD_RUNPATH_SEARCH_PATHS = (
					"$(inherited)",
					"@executable_path/Frameworks",
				);
				PRODUCT_BUNDLE_IDENTIFIER = TommyLik.TippyByTommy;
				PRODUCT_NAME = "$(TARGET_NAME)";
				SWIFT_VERSION = 4.0;
				TARGETED_DEVICE_FAMILY = "1,2";
			};
			name = Debug;
		};
		21F6ECF322889E7C00BD445B /* Release */ = {
			isa = XCBuildConfiguration;
			buildSettings = {
				ASSETCATALOG_COMPILER_APPICON_NAME = AppIcon;
				CODE_SIGN_STYLE = Automatic;
				INFOPLIST_FILE = TippyByTommy/Info.plist;
				LD_RUNPATH_SEARCH_PATHS = (
					"$(inherited)",
					"@executable_path/Frameworks",
				);
				PRODUCT_BUNDLE_IDENTIFIER = TommyLik.TippyByTommy;
				PRODUCT_NAME = "$(TARGET_NAME)";
				SWIFT_VERSION = 4.0;
				TARGETED_DEVICE_FAMILY = "1,2";
			};
			name = Release;
		};
		21F6ECF522889E7C00BD445B /* Debug */ = {
			isa = XCBuildConfiguration;
			buildSettings = {
				ALWAYS_EMBED_SWIFT_STANDARD_LIBRARIES = YES;
				BUNDLE_LOADER = "$(TEST_HOST)";
				CODE_SIGN_STYLE = Automatic;
				INFOPLIST_FILE = TippyByTommyTests/Info.plist;
				LD_RUNPATH_SEARCH_PATHS = (
					"$(inherited)",
					"@executable_path/Frameworks",
					"@loader_path/Frameworks",
				);
				PRODUCT_BUNDLE_IDENTIFIER = TommyLik.TippyByTommyTests;
				PRODUCT_NAME = "$(TARGET_NAME)";
				SWIFT_VERSION = 4.0;
				TARGETED_DEVICE_FAMILY = "1,2";
				TEST_HOST = "$(BUILT_PRODUCTS_DIR)/TippyByTommy.app/TippyByTommy";
			};
			name = Debug;
		};
		21F6ECF622889E7C00BD445B /* Release */ = {
			isa = XCBuildConfiguration;
			buildSettings = {
				ALWAYS_EMBED_SWIFT_STANDARD_LIBRARIES = YES;
				BUNDLE_LOADER = "$(TEST_HOST)";
				CODE_SIGN_STYLE = Automatic;
				INFOPLIST_FILE = TippyByTommyTests/Info.plist;
				LD_RUNPATH_SEARCH_PATHS = (
					"$(inherited)",
					"@executable_path/Frameworks",
					"@loader_path/Frameworks",
				);
				PRODUCT_BUNDLE_IDENTIFIER = TommyLik.TippyByTommyTests;
				PRODUCT_NAME = "$(TARGET_NAME)";
				SWIFT_VERSION = 4.0;
				TARGETED_DEVICE_FAMILY = "1,2";
				TEST_HOST = "$(BUILT_PRODUCTS_DIR)/TippyByTommy.app/TippyByTommy";
			};
			name = Release;
		};
		21F6ECF822889E7C00BD445B /* Debug */ = {
			isa = XCBuildConfiguration;
			buildSettings = {
				ALWAYS_EMBED_SWIFT_STANDARD_LIBRARIES = YES;
				CODE_SIGN_STYLE = Automatic;
				INFOPLIST_FILE = TippyByTommyUITests/Info.plist;
				LD_RUNPATH_SEARCH_PATHS = (
					"$(inherited)",
					"@executable_path/Frameworks",
					"@loader_path/Frameworks",
				);
				PRODUCT_BUNDLE_IDENTIFIER = TommyLik.TippyByTommyUITests;
				PRODUCT_NAME = "$(TARGET_NAME)";
				SWIFT_VERSION = 4.0;
				TARGETED_DEVICE_FAMILY = "1,2";
				TEST_TARGET_NAME = TippyByTommy;
			};
			name = Debug;
		};
		21F6ECF922889E7C00BD445B /* Release */ = {
			isa = XCBuildConfiguration;
			buildSettings = {
				ALWAYS_EMBED_SWIFT_STANDARD_LIBRARIES = YES;
				CODE_SIGN_STYLE = Automatic;
				INFOPLIST_FILE = TippyByTommyUITests/Info.plist;
				LD_RUNPATH_SEARCH_PATHS = (
					"$(inherited)",
					"@executable_path/Frameworks",
					"@loader_path/Frameworks",
				);
				PRODUCT_BUNDLE_IDENTIFIER = TommyLik.TippyByTommyUITests;
				PRODUCT_NAME = "$(TARGET_NAME)";
				SWIFT_VERSION = 4.0;
				TARGETED_DEVICE_FAMILY = "1,2";
				TEST_TARGET_NAME = TippyByTommy;
			};
			name = Release;
		};
/* End XCBuildConfiguration section */

/* Begin XCConfigurationList section */
		21F6ECC422889E7900BD445B /* Build configuration list for PBXProject "TippyByTommy" */ = {
			isa = XCConfigurationList;
			buildConfigurations = (
				21F6ECEF22889E7C00BD445B /* Debug */,
				21F6ECF022889E7C00BD445B /* Release */,
			);
			defaultConfigurationIsVisible = 0;
			defaultConfigurationName = Release;
		};
		21F6ECF122889E7C00BD445B /* Build configuration list for PBXNativeTarget "TippyByTommy" */ = {
			isa = XCConfigurationList;
			buildConfigurations = (
				21F6ECF222889E7C00BD445B /* Debug */,
				21F6ECF322889E7C00BD445B /* Release */,
			);
			defaultConfigurationIsVisible = 0;
			defaultConfigurationName = Release;
		};
		21F6ECF422889E7C00BD445B /* Build configuration list for PBXNativeTarget "TippyByTommyTests" */ = {
			isa = XCConfigurationList;
			buildConfigurations = (
				21F6ECF522889E7C00BD445B /* Debug */,
				21F6ECF622889E7C00BD445B /* Release */,
			);
			defaultConfigurationIsVisible = 0;
			defaultConfigurationName = Release;
		};
		21F6ECF722889E7C00BD445B /* Build configuration list for PBXNativeTarget "TippyByTommyUITests" */ = {
			isa = XCConfigurationList;
			buildConfigurations = (
				21F6ECF822889E7C00BD445B /* Debug */,
				21F6ECF922889E7C00BD445B /* Release */,
			);
			defaultConfigurationIsVisible = 0;
			defaultConfigurationName = Release;
		};
/* End XCConfigurationList section */
	};
	rootObject = 21F6ECC122889E7900BD445B /* Project object */;
}
